
Microsoft Visual Studio Solution File, Format Version 12.00
# Visual Studio Version 16
VisualStudioVersion = 16.0.31729.503
MinimumVisualStudioVersion = 10.0.40219.1
Project("{9A19103F-16F7-4668-BE54-9A1E7A4F7556}") = "Domain", "src\Domain\Domain.csproj", "{5B096232-BD20-4576-AD26-B55F016CEBF7}"
EndProject
Project("{9A19103F-16F7-4668-BE54-9A1E7A4F7556}") = "Utils", "src\Utils\Utils.csproj", "{10C81415-B925-4EC3-A11C-663BB5FD443C}"
EndProject
Project("{FAE04EC0-301F-11D3-BF4B-00C04F79EFBC}") = "Infrastructure", "src\Infrastructure\Infrastructure.csproj", "{67A6385F-5952-4B8C-9E86-B54B496BB872}"
EndProject
Global
	GlobalSection(SolutionConfigurationPlatforms) = preSolution
		Debug|Any CPU = Debug|Any CPU
		Release|Any CPU = Release|Any CPU
	EndGlobalSection
	GlobalSection(ProjectConfigurationPlatforms) = postSolution
		{5B096232-BD20-4576-AD26-B55F016CEBF7}.Debug|Any CPU.ActiveCfg = Debug|Any CPU
		{5B096232-BD20-4576-AD26-B55F016CEBF7}.Debug|Any CPU.Build.0 = Debug|Any CPU
		{5B096232-BD20-4576-AD26-B55F016CEBF7}.Release|Any CPU.ActiveCfg = Release|Any CPU
		{5B096232-BD20-4576-AD26-B55F016CEBF7}.Release|Any CPU.Build.0 = Release|Any CPU
		{10C81415-B925-4EC3-A11C-663BB5FD443C}.Debug|Any CPU.ActiveCfg = Debug|Any CPU
		{10C81415-B925-4EC3-A11C-663BB5FD443C}.Debug|Any CPU.Build.0 = Debug|Any CPU
		{10C81415-B925-4EC3-A11C-663BB5FD443C}.Release|Any CPU.ActiveCfg = Release|Any CPU
		{10C81415-B925-4EC3-A11C-663BB5FD443C}.Release|Any CPU.Build.0 = Release|Any CPU
		{67A6385F-5952-4B8C-9E86-B54B496BB872}.Debug|Any CPU.ActiveCfg = Debug|Any CPU
		{67A6385F-5952-4B8C-9E86-B54B496BB872}.Debug|Any CPU.Build.0 = Debug|Any CPU
		{67A6385F-5952-4B8C-9E86-B54B496BB872}.Release|Any CPU.ActiveCfg = Release|Any CPU
		{67A6385F-5952-4B8C-9E86-B54B496BB872}.Release|Any CPU.Build.0 = Release|Any CPU
	EndGlobalSection
	GlobalSection(SolutionProperties) = preSolution
		HideSolutionNode = FALSE
	EndGlobalSection
	GlobalSection(ExtensibilityGlobals) = postSolution
		SolutionGuid = {43EDD85A-FB65-402F-9EE9-943A99811AA2}
	EndGlobalSection
EndGlobal
